// !$*UTF8*$!
{
	archiveVersion = 1;
	classes = {
	};
	objectVersion = 77;
	objects = {

/* Begin PBXBuildFile section */
		5020F7902F3BBB6400F2814C /* SwiftBasicFormat in Frameworks */ = {isa = PBXBuildFile; productRef = 5020F78F2F3BBB6400F2814C /* SwiftBasicFormat */; };
		5020F7942F3BBB6400F2814C /* SwiftDiagnostics in Frameworks */ = {isa = PBXBuildFile; productRef = 5020F7932F3BBB6400F2814C /* SwiftDiagnostics */; };
		5020F7962F3BBB6400F2814C /* SwiftIDEUtils in Frameworks */ = {isa = PBXBuildFile; productRef = 5020F7952F3BBB6400F2814C /* SwiftIDEUtils */; };
		5020F7982F3BBB6400F2814C /* SwiftIfConfig in Frameworks */ = {isa = PBXBuildFile; productRef = 5020F7972F3BBB6400F2814C /* SwiftIfConfig */; };
		5020F79A2F3BBB6400F2814C /* SwiftLexicalLookup in Frameworks */ = {isa = PBXBuildFile; productRef = 5020F7992F3BBB6400F2814C /* SwiftLexicalLookup */; };
		5020F79C2F3BBB6400F2814C /* SwiftOperators in Frameworks */ = {isa = PBXBuildFile; productRef = 5020F79B2F3BBB6400F2814C /* SwiftOperators */; };
		5020F79E2F3BBB6400F2814C /* SwiftParser in Frameworks */ = {isa = PBXBuildFile; productRef = 5020F79D2F3BBB6400F2814C /* SwiftParser */; };
		5020F7A02F3BBB6400F2814C /* SwiftParserDiagnostics in Frameworks */ = {isa = PBXBuildFile; productRef = 5020F79F2F3BBB6400F2814C /* SwiftParserDiagnostics */; };
		5020F7A22F3BBB6400F2814C /* SwiftRefactor in Frameworks */ = {isa = PBXBuildFile; productRef = 5020F7A12F3BBB6400F2814C /* SwiftRefactor */; };
		5020F7A42F3BBB6400F2814C /* SwiftSyntax in Frameworks */ = {isa = PBXBuildFile; productRef = 5020F7A32F3BBB6400F2814C /* SwiftSyntax */; };
		5020F7A62F3BBB6400F2814C /* SwiftSyntaxBuilder in Frameworks */ = {isa = PBXBuildFile; productRef = 5020F7A52F3BBB6400F2814C /* SwiftSyntaxBuilder */; };
		5020F7A82F3BBB6400F2814C /* SwiftSyntaxMacroExpansion in Frameworks */ = {isa = PBXBuildFile; productRef = 5020F7A72F3BBB6400F2814C /* SwiftSyntaxMacroExpansion */; };
		5020F7AA2F3BBB6400F2814C /* SwiftSyntaxMacros in Frameworks */ = {isa = PBXBuildFile; productRef = 5020F7A92F3BBB6400F2814C /* SwiftSyntaxMacros */; };
		5020F7B42F3BBB7700F2814C /* Bitrig_01.md in Resources */ = {isa = PBXBuildFile; fileRef = 5020F7B32F3BBB7700F2814C /* Bitrig_01.md */; };
		5020F7B62F3BBB8900F2814C /* Bitrig_02.md in Resources */ = {isa = PBXBuildFile; fileRef = 5020F7B52F3BBB8900F2814C /* Bitrig_02.md */; };
		5020F7B82F3BBBA900F2814C /* Bitrig_03.md in Resources */ = {isa = PBXBuildFile; fileRef = 5020F7B72F3BBBA900F2814C /* Bitrig_03.md */; };
		5020F7BB2F3BBC1C00F2814C /* CodeEditorView in Frameworks */ = {isa = PBXBuildFile; productRef = 5020F7BA2F3BBC1C00F2814C /* CodeEditorView */; };
		5020F7BD2F3BBC1C00F2814C /* LanguageSupport in Frameworks */ = {isa = PBXBuildFile; productRef = 5020F7BC2F3BBC1C00F2814C /* LanguageSupport */; };
		5020F7C12F3C000000F2814C /* SwiftExecHost in Frameworks */ = {isa = PBXBuildFile; productRef = 5020F7C02F3C000000F2814C /* SwiftExecHost */; };
		5020F8042F3BE42B00F2814C /* SwiftExecDiagnostics in Frameworks */ = {isa = PBXBuildFile; productRef = 5020F8032F3BE42B00F2814C /* SwiftExecDiagnostics */; };
		5020F80A2F3BE8F500F2814C /* AppIcon.icon in Resources */ = {isa = PBXBuildFile; fileRef = 5020F8092F3BE8F500F2814C /* AppIcon.icon */; };
/* End PBXBuildFile section */

/* Begin PBXFileReference section */
		5020F7802F3BBA7D00F2814C /* VibeSwift.app */ = {isa = PBXFileReference; explicitFileType = wrapper.application; includeInIndex = 0; path = VibeSwift.app; sourceTree = BUILT_PRODUCTS_DIR; };
		5020F7B32F3BBB7700F2814C /* Bitrig_01.md */ = {isa = PBXFileReference; lastKnownFileType = net.daringfireball.markdown; path = Bitrig_01.md; sourceTree = "<group>"; };
		5020F7B52F3BBB8900F2814C /* Bitrig_02.md */ = {isa = PBXFileReference; lastKnownFileType = net.daringfireball.markdown; path = Bitrig_02.md; sourceTree = "<group>"; };
		5020F7B72F3BBBA900F2814C /* Bitrig_03.md */ = {isa = PBXFileReference; lastKnownFileType = net.daringfireball.markdown; path = Bitrig_03.md; sourceTree = "<group>"; };
		5020F8092F3BE8F500F2814C /* AppIcon.icon */ = {isa = PBXFileReference; lastKnownFileType = folder.iconcomposer.icon; path = AppIcon.icon; sourceTree = "<group>"; };
/* End PBXFileReference section */

/* Begin PBXFileSystemSynchronizedRootGroup section */
		5020F7822F3BBA7D00F2814C /* VibeSwift */ = {
			isa = PBXFileSystemSynchronizedRootGroup;
			path = VibeSwift;
			sourceTree = "<group>";
		};
/* End PBXFileSystemSynchronizedRootGroup section */

/* Begin PBXFrameworksBuildPhase section */
		5020F77D2F3BBA7D00F2814C /* Frameworks */ = {
			isa = PBXFrameworksBuildPhase;
			buildActionMask = 2147483647;
			files = (
				5020F7942F3BBB6400F2814C /* SwiftDiagnostics in Frameworks */,
				5020F8042F3BE42B00F2814C /* SwiftExecDiagnostics in Frameworks */,
				5020F7A62F3BBB6400F2814C /* SwiftSyntaxBuilder in Frameworks */,
				5020F7962F3BBB6400F2814C /* SwiftIDEUtils in Frameworks */,
				5020F7982F3BBB6400F2814C /* SwiftIfConfig in Frameworks */,
				5020F79C2F3BBB6400F2814C /* SwiftOperators in Frameworks */,
				5020F7BB2F3BBC1C00F2814C /* CodeEditorView in Frameworks */,
				5020F7C12F3C000000F2814C /* SwiftExecHost in Frameworks */,
				5020F7BD2F3BBC1C00F2814C /* LanguageSupport in Frameworks */,
				5020F7A42F3BBB6400F2814C /* SwiftSyntax in Frameworks */,
				5020F79E2F3BBB6400F2814C /* SwiftParser in Frameworks */,
				5020F7902F3BBB6400F2814C /* SwiftBasicFormat in Frameworks */,
				5020F79A2F3BBB6400F2814C /* SwiftLexicalLookup in Frameworks */,
				5020F7AA2F3BBB6400F2814C /* SwiftSyntaxMacros in Frameworks */,
				5020F7A22F3BBB6400F2814C /* SwiftRefactor in Frameworks */,
				5020F7A82F3BBB6400F2814C /* SwiftSyntaxMacroExpansion in Frameworks */,
				5020F7A02F3BBB6400F2814C /* SwiftParserDiagnostics in Frameworks */,
			);
			runOnlyForDeploymentPostprocessing = 0;
		};
/* End PBXFrameworksBuildPhase section */

/* Begin PBXGroup section */
		5020F7772F3BBA7D00F2814C = {
			isa = PBXGroup;
			children = (
				5020F8092F3BE8F500F2814C /* AppIcon.icon */,
				5020F7B72F3BBBA900F2814C /* Bitrig_03.md */,
				5020F7B52F3BBB8900F2814C /* Bitrig_02.md */,
				5020F7B32F3BBB7700F2814C /* Bitrig_01.md */,
				5020F7822F3BBA7D00F2814C /* VibeSwift */,
				5020F8022F3BE42B00F2814C /* Frameworks */,
				5020F7812F3BBA7D00F2814C /* Products */,
			);
			sourceTree = "<group>";
		};
		5020F7812F3BBA7D00F2814C /* Products */ = {
			isa = PBXGroup;
			children = (
				5020F7802F3BBA7D00F2814C /* VibeSwift.app */,
			);
			name = Products;
			sourceTree = "<group>";
		};
		5020F8022F3BE42B00F2814C /* Frameworks */ = {
			isa = PBXGroup;
			children = (
			);
			name = Frameworks;
			sourceTree = "<group>";
		};
/* End PBXGroup section */

/* Begin PBXNativeTarget section */
		5020F77F2F3BBA7D00F2814C /* VibeSwift */ = {
			isa = PBXNativeTarget;
			buildConfigurationList = 5020F78B2F3BBA7D00F2814C /* Build configuration list for PBXNativeTarget "VibeSwift" */;
			buildPhases = (
				5020F77C2F3BBA7D00F2814C /* Sources */,
				5020F77D2F3BBA7D00F2814C /* Frameworks */,
				5020F77E2F3BBA7D00F2814C /* Resources */,
			);
			buildRules = (
			);
			dependencies = (
			);
			fileSystemSynchronizedGroups = (
				5020F7822F3BBA7D00F2814C /* VibeSwift */,
			);
			name = VibeSwift;
			packageProductDependencies = (
				5020F78F2F3BBB6400F2814C /* SwiftBasicFormat */,
				5020F7932F3BBB6400F2814C /* SwiftDiagnostics */,
				5020F7952F3BBB6400F2814C /* SwiftIDEUtils */,
				5020F7972F3BBB6400F2814C /* SwiftIfConfig */,
				5020F7992F3BBB6400F2814C /* SwiftLexicalLookup */,
				5020F79B2F3BBB6400F2814C /* SwiftOperators */,
				5020F79D2F3BBB6400F2814C /* SwiftParser */,
				5020F79F2F3BBB6400F2814C /* SwiftParserDiagnostics */,
				5020F7A12F3BBB6400F2814C /* SwiftRefactor */,
				5020F7A32F3BBB6400F2814C /* SwiftSyntax */,
				5020F7A52F3BBB6400F2814C /* SwiftSyntaxBuilder */,
				5020F7A72F3BBB6400F2814C /* SwiftSyntaxMacroExpansion */,
				5020F7A92F3BBB6400F2814C /* SwiftSyntaxMacros */,
				5020F7BA2F3BBC1C00F2814C /* CodeEditorView */,
				5020F7BC2F3BBC1C00F2814C /* LanguageSupport */,
				5020F7C02F3C000000F2814C /* SwiftExecHost */,
				5020F8032F3BE42B00F2814C /* SwiftExecDiagnostics */,
			);
			productName = VibeSwift;
			productReference = 5020F7802F3BBA7D00F2814C /* VibeSwift.app */;
			productType = "com.apple.product-type.application";
		};
/* End PBXNativeTarget section */

/* Begin PBXProject section */
		5020F7782F3BBA7D00F2814C /* Project object */ = {
			isa = PBXProject;
			attributes = {
				BuildIndependentTargetsInParallel = 1;
				LastSwiftUpdateCheck = 2630;
				LastUpgradeCheck = 2630;
				TargetAttributes = {
					5020F77F2F3BBA7D00F2814C = {
						CreatedOnToolsVersion = 26.3;
					};
				};
			};
			buildConfigurationList = 5020F77B2F3BBA7D00F2814C /* Build configuration list for PBXProject "VibeSwift" */;
			developmentRegion = en;
			hasScannedForEncodings = 0;
			knownRegions = (
				en,
				Base,
			);
			mainGroup = 5020F7772F3BBA7D00F2814C;
			minimizedProjectReferenceProxies = 1;
			packageReferences = (
				5020F78E2F3BBB6400F2814C /* XCRemoteSwiftPackageReference "swift-syntax" */,
				5020F7B92F3BBC1C00F2814C /* XCRemoteSwiftPackageReference "CodeEditorView" */,
				5020F7BF2F3C000000F2814C /* XCLocalSwiftPackageReference "SwiftExecEngine" */,
			);
			preferredProjectObjectVersion = 77;
			productRefGroup = 5020F7812F3BBA7D00F2814C /* Products */;
			projectDirPath = "";
			projectRoot = "";
			targets = (
				5020F77F2F3BBA7D00F2814C /* VibeSwift */,
			);
		};
/* End PBXProject section */

/* Begin PBXResourcesBuildPhase section */
		5020F77E2F3BBA7D00F2814C /* Resources */ = {
			isa = PBXResourcesBuildPhase;
			buildActionMask = 2147483647;
			files = (
				5020F7B42F3BBB7700F2814C /* Bitrig_01.md in Resources */,
				5020F80A2F3BE8F500F2814C /* AppIcon.icon in Resources */,
				5020F7B62F3BBB8900F2814C /* Bitrig_02.md in Resources */,
				5020F7B82F3BBBA900F2814C /* Bitrig_03.md in Resources */,
			);
			runOnlyForDeploymentPostprocessing = 0;
		};
/* End PBXResourcesBuildPhase section */

/* Begin PBXSourcesBuildPhase section */
		5020F77C2F3BBA7D00F2814C /* Sources */ = {
			isa = PBXSourcesBuildPhase;
			buildActionMask = 2147483647;
			files = (
			);
			runOnlyForDeploymentPostprocessing = 0;
		};
/* End PBXSourcesBuildPhase section */

/* Begin XCBuildConfiguration section */
		5020F7892F3BBA7D00F2814C /* Debug */ = {
			isa = XCBuildConfiguration;
			buildSettings = {
				ALWAYS_SEARCH_USER_PATHS = NO;
				ASSETCATALOG_COMPILER_GENERATE_SWIFT_ASSET_SYMBOL_EXTENSIONS = YES;
				CLANG_ANALYZER_NONNULL = YES;
				CLANG_ANALYZER_NUMBER_OBJECT_CONVERSION = YES_AGGRESSIVE;
				CLANG_CXX_LANGUAGE_STANDARD = "gnu++20";
				CLANG_ENABLE_MODULES = YES;
				CLANG_ENABLE_OBJC_ARC = YES;
				CLANG_ENABLE_OBJC_WEAK = YES;
				CLANG_WARN_BLOCK_CAPTURE_AUTORELEASING = YES;
				CLANG_WARN_BOOL_CONVERSION = YES;
				CLANG_WARN_COMMA = YES;
				CLANG_WARN_CONSTANT_CONVERSION = YES;
				CLANG_WARN_DEPRECATED_OBJC_IMPLEMENTATIONS = YES;
				CLANG_WARN_DIRECT_OBJC_ISA_USAGE = YES_ERROR;
				CLANG_WARN_DOCUMENTATION_COMMENTS = YES;
				CLANG_WARN_EMPTY_BODY = YES;
				CLANG_WARN_ENUM_CONVERSION = YES;
				CLANG_WARN_INFINITE_RECURSION = YES;
				CLANG_WARN_INT_CONVERSION = YES;
				CLANG_WARN_NON_LITERAL_NULL_CONVERSION = YES;
				CLANG_WARN_OBJC_IMPLICIT_RETAIN_SELF = YES;
				CLANG_WARN_OBJC_LITERAL_CONVERSION = YES;
				CLANG_WARN_OBJC_ROOT_CLASS = YES_ERROR;
				CLANG_WARN_QUOTED_INCLUDE_IN_FRAMEWORK_HEADER = YES;
				CLANG_WARN_RANGE_LOOP_ANALYSIS = YES;
				CLANG_WARN_STRICT_PROTOTYPES = YES;
				CLANG_WARN_SUSPICIOUS_MOVE = YES;
				CLANG_WARN_UNGUARDED_AVAILABILITY = YES_AGGRESSIVE;
				CLANG_WARN_UNREACHABLE_CODE = YES;
				CLANG_WARN__DUPLICATE_METHOD_MATCH = YES;
				COPY_PHASE_STRIP = NO;
				DEBUG_INFORMATION_FORMAT = dwarf;
				DEVELOPMENT_TEAM = XYA85FESD6;
				ENABLE_STRICT_OBJC_MSGSEND = YES;
				ENABLE_TESTABILITY = YES;
				ENABLE_USER_SCRIPT_SANDBOXING = YES;
				GCC_C_LANGUAGE_STANDARD = gnu17;
				GCC_DYNAMIC_NO_PIC = NO;
				GCC_NO_COMMON_BLOCKS = YES;
				GCC_OPTIMIZATION_LEVEL = 0;
				GCC_PREPROCESSOR_DEFINITIONS = (
					"DEBUG=1",
					"$(inherited)",
				);
				GCC_WARN_64_TO_32_BIT_CONVERSION = YES;
				GCC_WARN_ABOUT_RETURN_TYPE = YES_ERROR;
				GCC_WARN_UNDECLARED_SELECTOR = YES;
				GCC_WARN_UNINITIALIZED_AUTOS = YES_AGGRESSIVE;
				GCC_WARN_UNUSED_FUNCTION = YES;
				GCC_WARN_UNUSED_VARIABLE = YES;
				IPHONEOS_DEPLOYMENT_TARGET = 26.2;
				LOCALIZATION_PREFERS_STRING_CATALOGS = YES;
				MTL_ENABLE_DEBUG_INFO = INCLUDE_SOURCE;
				MTL_FAST_MATH = YES;
				ONLY_ACTIVE_ARCH = YES;
				SDKROOT = iphoneos;
				SWIFT_ACTIVE_COMPILATION_CONDITIONS = "DEBUG $(inherited)";
				SWIFT_OPTIMIZATION_LEVEL = "-Onone";
			};
			name = Debug;
		};
		5020F78A2F3BBA7D00F2814C /* Release */ = {
			isa = XCBuildConfiguration;
			buildSettings = {
				ALWAYS_SEARCH_USER_PATHS = NO;
				ASSETCATALOG_COMPILER_GENERATE_SWIFT_ASSET_SYMBOL_EXTENSIONS = YES;
				CLANG_ANALYZER_NONNULL = YES;
				CLANG_ANALYZER_NUMBER_OBJECT_CONVERSION = YES_AGGRESSIVE;
				CLANG_CXX_LANGUAGE_STANDARD = "gnu++20";
				CLANG_ENABLE_MODULES = YES;
				CLANG_ENABLE_OBJC_ARC = YES;
				CLANG_ENABLE_OBJC_WEAK = YES;
				CLANG_WARN_BLOCK_CAPTURE_AUTORELEASING = YES;
				CLANG_WARN_BOOL_CONVERSION = YES;
				CLANG_WARN_COMMA = YES;
				CLANG_WARN_CONSTANT_CONVERSION = YES;
				CLANG_WARN_DEPRECATED_OBJC_IMPLEMENTATIONS = YES;
				CLANG_WARN_DIRECT_OBJC_ISA_USAGE = YES_ERROR;
				CLANG_WARN_DOCUMENTATION_COMMENTS = YES;
				CLANG_WARN_EMPTY_BODY = YES;
				CLANG_WARN_ENUM_CONVERSION = YES;
				CLANG_WARN_INFINITE_RECURSION = YES;
				CLANG_WARN_INT_CONVERSION = YES;
				CLANG_WARN_NON_LITERAL_NULL_CONVERSION = YES;
				CLANG_WARN_OBJC_IMPLICIT_RETAIN_SELF = YES;
				CLANG_WARN_OBJC_LITERAL_CONVERSION = YES;
				CLANG_WARN_OBJC_ROOT_CLASS = YES_ERROR;
				CLANG_WARN_QUOTED_INCLUDE_IN_FRAMEWORK_HEADER = YES;
				CLANG_WARN_RANGE_LOOP_ANALYSIS = YES;
				CLANG_WARN_STRICT_PROTOTYPES = YES;
				CLANG_WARN_SUSPICIOUS_MOVE = YES;
				CLANG_WARN_UNGUARDED_AVAILABILITY = YES_AGGRESSIVE;
				CLANG_WARN_UNREACHABLE_CODE = YES;
				CLANG_WARN__DUPLICATE_METHOD_MATCH = YES;
				COPY_PHASE_STRIP = NO;
				DEBUG_INFORMATION_FORMAT = "dwarf-with-dsym";
				DEVELOPMENT_TEAM = XYA85FESD6;
				ENABLE_NS_ASSERTIONS = NO;
				ENABLE_STRICT_OBJC_MSGSEND = YES;
				ENABLE_USER_SCRIPT_SANDBOXING = YES;
				GCC_C_LANGUAGE_STANDARD = gnu17;
				GCC_NO_COMMON_BLOCKS = YES;
				GCC_WARN_64_TO_32_BIT_CONVERSION = YES;
				GCC_WARN_ABOUT_RETURN_TYPE = YES_ERROR;
				GCC_WARN_UNDECLARED_SELECTOR = YES;
				GCC_WARN_UNINITIALIZED_AUTOS = YES_AGGRESSIVE;
				GCC_WARN_UNUSED_FUNCTION = YES;
				GCC_WARN_UNUSED_VARIABLE = YES;
				IPHONEOS_DEPLOYMENT_TARGET = 26.2;
				LOCALIZATION_PREFERS_STRING_CATALOGS = YES;
				MTL_ENABLE_DEBUG_INFO = NO;
				MTL_FAST_MATH = YES;
				SDKROOT = iphoneos;
				SWIFT_COMPILATION_MODE = wholemodule;
				VALIDATE_PRODUCT = YES;
			};
			name = Release;
		};
		5020F78C2F3BBA7D00F2814C /* Debug */ = {
			isa = XCBuildConfiguration;
			buildSettings = {
				ASSETCATALOG_COMPILER_APPICON_NAME = AppIcon;
				ASSETCATALOG_COMPILER_GLOBAL_ACCENT_COLOR_NAME = AccentColor;
				ASSETCATALOG_COMPILER_INCLUDE_ALL_APPICON_ASSETS = NO;
				CODE_SIGN_STYLE = Automatic;
				CURRENT_PROJECT_VERSION = 1;
				DEVELOPMENT_TEAM = XYA85FESD6;
				ENABLE_PREVIEWS = YES;
				GENERATE_INFOPLIST_FILE = YES;
				INFOPLIST_KEY_UIApplicationSceneManifest_Generation = YES;
				INFOPLIST_KEY_UIApplicationSupportsIndirectInputEvents = YES;
				INFOPLIST_KEY_UILaunchScreen_Generation = YES;
				INFOPLIST_KEY_UISupportedInterfaceOrientations_iPad = "UIInterfaceOrientationPortrait UIInterfaceOrientationPortraitUpsideDown UIInterfaceOrientationLandscapeLeft UIInterfaceOrientationLandscapeRight";
				INFOPLIST_KEY_UISupportedInterfaceOrientations_iPhone = "UIInterfaceOrientationPortrait UIInterfaceOrientationLandscapeLeft UIInterfaceOrientationLandscapeRight";
				IPHONEOS_DEPLOYMENT_TARGET = 26.0;
				LD_RUNPATH_SEARCH_PATHS = (
					"$(inherited)",
					"@executable_path/Frameworks",
				);
				MARKETING_VERSION = 1.0;
				PRODUCT_BUNDLE_IDENTIFIER = com.lorenzoferrante.VibeSwift;
				PRODUCT_NAME = "$(TARGET_NAME)";
				STRING_CATALOG_GENERATE_SYMBOLS = YES;
				SUPPORTED_PLATFORMS = "iphoneos iphonesimulator";
				SUPPORTS_MACCATALYST = NO;
				SUPPORTS_MAC_DESIGNED_FOR_IPHONE_IPAD = NO;
				SUPPORTS_XR_DESIGNED_FOR_IPHONE_IPAD = NO;
				SWIFT_APPROACHABLE_CONCURRENCY = YES;
				SWIFT_DEFAULT_ACTOR_ISOLATION = MainActor;
				SWIFT_EMIT_LOC_STRINGS = YES;
				SWIFT_UPCOMING_FEATURE_MEMBER_IMPORT_VISIBILITY = YES;
				SWIFT_VERSION = 5.0;
				TARGETED_DEVICE_FAMILY = "1,2";
			};
			name = Debug;
		};
		5020F78D2F3BBA7D00F2814C /* Release */ = {
			isa = XCBuildConfiguration;
			buildSettings = {
				ASSETCATALOG_COMPILER_APPICON_NAME = AppIcon;
				ASSETCATALOG_COMPILER_GLOBAL_ACCENT_COLOR_NAME = AccentColor;
				ASSETCATALOG_COMPILER_INCLUDE_ALL_APPICON_ASSETS = NO;
				CODE_SIGN_STYLE = Automatic;
				CURRENT_PROJECT_VERSION = 1;
				DEVELOPMENT_TEAM = XYA85FESD6;
				ENABLE_PREVIEWS = YES;
				GENERATE_INFOPLIST_FILE = YES;
				INFOPLIST_KEY_UIApplicationSceneManifest_Generation = YES;
				INFOPLIST_KEY_UIApplicationSupportsIndirectInputEvents = YES;
				INFOPLIST_KEY_UILaunchScreen_Generation = YES;
				INFOPLIST_KEY_UISupportedInterfaceOrientations_iPad = "UIInterfaceOrientationPortrait UIInterfaceOrientationPortraitUpsideDown UIInterfaceOrientationLandscapeLeft UIInterfaceOrientationLandscapeRight";
				INFOPLIST_KEY_UISupportedInterfaceOrientations_iPhone = "UIInterfaceOrientationPortrait UIInterfaceOrientationLandscapeLeft UIInterfaceOrientationLandscapeRight";
				IPHONEOS_DEPLOYMENT_TARGET = 26.0;
				LD_RUNPATH_SEARCH_PATHS = (
					"$(inherited)",
					"@executable_path/Frameworks",
				);
				MARKETING_VERSION = 1.0;
				PRODUCT_BUNDLE_IDENTIFIER = com.lorenzoferrante.VibeSwift;
				PRODUCT_NAME = "$(TARGET_NAME)";
				STRING_CATALOG_GENERATE_SYMBOLS = YES;
				SUPPORTED_PLATFORMS = "iphoneos iphonesimulator";
				SUPPORTS_MACCATALYST = NO;
				SUPPORTS_MAC_DESIGNED_FOR_IPHONE_IPAD = NO;
				SUPPORTS_XR_DESIGNED_FOR_IPHONE_IPAD = NO;
				SWIFT_APPROACHABLE_CONCURRENCY = YES;
				SWIFT_DEFAULT_ACTOR_ISOLATION = MainActor;
				SWIFT_EMIT_LOC_STRINGS = YES;
				SWIFT_UPCOMING_FEATURE_MEMBER_IMPORT_VISIBILITY = YES;
				SWIFT_VERSION = 5.0;
				TARGETED_DEVICE_FAMILY = "1,2";
			};
			name = Release;
		};
/* End XCBuildConfiguration section */

/* Begin XCConfigurationList section */
		5020F77B2F3BBA7D00F2814C /* Build configuration list for PBXProject "VibeSwift" */ = {
			isa = XCConfigurationList;
			buildConfigurations = (
				5020F7892F3BBA7D00F2814C /* Debug */,
				5020F78A2F3BBA7D00F2814C /* Release */,
			);
			defaultConfigurationIsVisible = 0;
			defaultConfigurationName = Release;
		};
		5020F78B2F3BBA7D00F2814C /* Build configuration list for PBXNativeTarget "VibeSwift" */ = {
			isa = XCConfigurationList;
			buildConfigurations = (
				5020F78C2F3BBA7D00F2814C /* Debug */,
				5020F78D2F3BBA7D00F2814C /* Release */,
			);
			defaultConfigurationIsVisible = 0;
			defaultConfigurationName = Release;
		};
/* End XCConfigurationList section */

/* Begin XCLocalSwiftPackageReference section */
		5020F7BF2F3C000000F2814C /* XCLocalSwiftPackageReference "SwiftExecEngine" */ = {
			isa = XCLocalSwiftPackageReference;
			relativePath = SwiftExecEngine;
		};
/* End XCLocalSwiftPackageReference section */

/* Begin XCRemoteSwiftPackageReference section */
		5020F78E2F3BBB6400F2814C /* XCRemoteSwiftPackageReference "swift-syntax" */ = {
			isa = XCRemoteSwiftPackageReference;
			repositoryURL = "https://github.com/swiftlang/swift-syntax.git";
			requirement = {
				kind = upToNextMajorVersion;
				minimumVersion = 602.0.0;
			};
		};
		5020F7B92F3BBC1C00F2814C /* XCRemoteSwiftPackageReference "CodeEditorView" */ = {
			isa = XCRemoteSwiftPackageReference;
			repositoryURL = "https://github.com/Vinci-Editor/CodeEditorView";
			requirement = {
				branch = main;
				kind = branch;
			};
		};
/* End XCRemoteSwiftPackageReference section */

/* Begin XCSwiftPackageProductDependency section */
		5020F78F2F3BBB6400F2814C /* SwiftBasicFormat */ = {
			isa = XCSwiftPackageProductDependency;
			package = 5020F78E2F3BBB6400F2814C /* XCRemoteSwiftPackageReference "swift-syntax" */;
			productName = SwiftBasicFormat;
		};
		5020F7932F3BBB6400F2814C /* SwiftDiagnostics */ = {
			isa = XCSwiftPackageProductDependency;
			package = 5020F78E2F3BBB6400F2814C /* XCRemoteSwiftPackageReference "swift-syntax" */;
			productName = SwiftDiagnostics;
		};
		5020F7952F3BBB6400F2814C /* SwiftIDEUtils */ = {
			isa = XCSwiftPackageProductDependency;
			package = 5020F78E2F3BBB6400F2814C /* XCRemoteSwiftPackageReference "swift-syntax" */;
			productName = SwiftIDEUtils;
		};
		5020F7972F3BBB6400F2814C /* SwiftIfConfig */ = {
			isa = XCSwiftPackageProductDependency;
			package = 5020F78E2F3BBB6400F2814C /* XCRemoteSwiftPackageReference "swift-syntax" */;
			productName = SwiftIfConfig;
		};
		5020F7992F3BBB6400F2814C /* SwiftLexicalLookup */ = {
			isa = XCSwiftPackageProductDependency;
			package = 5020F78E2F3BBB6400F2814C /* XCRemoteSwiftPackageReference "swift-syntax" */;
			productName = SwiftLexicalLookup;
		};
		5020F79B2F3BBB6400F2814C /* SwiftOperators */ = {
			isa = XCSwiftPackageProductDependency;
			package = 5020F78E2F3BBB6400F2814C /* XCRemoteSwiftPackageReference "swift-syntax" */;
			productName = SwiftOperators;
		};
		5020F79D2F3BBB6400F2814C /* SwiftParser */ = {
			isa = XCSwiftPackageProductDependency;
			package = 5020F78E2F3BBB6400F2814C /* XCRemoteSwiftPackageReference "swift-syntax" */;
			productName = SwiftParser;
		};
		5020F79F2F3BBB6400F2814C /* SwiftParserDiagnostics */ = {
			isa = XCSwiftPackageProductDependency;
			package = 5020F78E2F3BBB6400F2814C /* XCRemoteSwiftPackageReference "swift-syntax" */;
			productName = SwiftParserDiagnostics;
		};
		5020F7A12F3BBB6400F2814C /* SwiftRefactor */ = {
			isa = XCSwiftPackageProductDependency;
			package = 5020F78E2F3BBB6400F2814C /* XCRemoteSwiftPackageReference "swift-syntax" */;
			productName = SwiftRefactor;
		};
		5020F7A32F3BBB6400F2814C /* SwiftSyntax */ = {
			isa = XCSwiftPackageProductDependency;
			package = 5020F78E2F3BBB6400F2814C /* XCRemoteSwiftPackageReference "swift-syntax" */;
			productName = SwiftSyntax;
		};
		5020F7A52F3BBB6400F2814C /* SwiftSyntaxBuilder */ = {
			isa = XCSwiftPackageProductDependency;
			package = 5020F78E2F3BBB6400F2814C /* XCRemoteSwiftPackageReference "swift-syntax" */;
			productName = SwiftSyntaxBuilder;
		};
		5020F7A72F3BBB6400F2814C /* SwiftSyntaxMacroExpansion */ = {
			isa = XCSwiftPackageProductDependency;
			package = 5020F78E2F3BBB6400F2814C /* XCRemoteSwiftPackageReference "swift-syntax" */;
			productName = SwiftSyntaxMacroExpansion;
		};
		5020F7A92F3BBB6400F2814C /* SwiftSyntaxMacros */ = {
			isa = XCSwiftPackageProductDependency;
			package = 5020F78E2F3BBB6400F2814C /* XCRemoteSwiftPackageReference "swift-syntax" */;
			productName = SwiftSyntaxMacros;
		};
		5020F7BA2F3BBC1C00F2814C /* CodeEditorView */ = {
			isa = XCSwiftPackageProductDependency;
			package = 5020F7B92F3BBC1C00F2814C /* XCRemoteSwiftPackageReference "CodeEditorView" */;
			productName = CodeEditorView;
		};
		5020F7BC2F3BBC1C00F2814C /* LanguageSupport */ = {
			isa = XCSwiftPackageProductDependency;
			package = 5020F7B92F3BBC1C00F2814C /* XCRemoteSwiftPackageReference "CodeEditorView" */;
			productName = LanguageSupport;
		};
		5020F7C02F3C000000F2814C /* SwiftExecHost */ = {
			isa = XCSwiftPackageProductDependency;
			package = 5020F7BF2F3C000000F2814C /* XCLocalSwiftPackageReference "SwiftExecEngine" */;
			productName = SwiftExecHost;
		};
		5020F8032F3BE42B00F2814C /* SwiftExecDiagnostics */ = {
			isa = XCSwiftPackageProductDependency;
			package = 5020F7BF2F3C000000F2814C /* XCLocalSwiftPackageReference "SwiftExecEngine" */;
			productName = SwiftExecDiagnostics;
		};
/* End XCSwiftPackageProductDependency section */
	};
	rootObject = 5020F7782F3BBA7D00F2814C /* Project object */;
}
